
Microsoft Visual Studio Solution File, Format Version 12.00
# Visual Studio Version 17
VisualStudioVersion = 17.0.32014.148
MinimumVisualStudioVersion = 10.0.40219.1
Project("{9A19103F-16F7-4668-BE54-9A1E7A4F7556}") = "API", "API\API.csproj", "{0B150B11-9200-4D8A-8ECE-82A2D13B7C18}"
EndProject
Project("{9A19103F-16F7-4668-BE54-9A1E7A4F7556}") = "Core.ServiceInterfaces", "Core.ServiceInterfaces\Core.ServiceInterfaces.csproj", "{D2A597F9-22A8-4C16-9523-3698DFFE7497}"
EndProject
Project("{FAE04EC0-301F-11D3-BF4B-00C04F79EFBC}") = "Core.DataAccess", "Core.DataAccess\Core.DataAccess.csproj", "{1BFFC037-68F8-4529-A98A-AFCF6ADBF649}"
EndProject
Project("{FAE04EC0-301F-11D3-BF4B-00C04F79EFBC}") = "Core.Services", "Core.Services\Core.Services.csproj", "{5BE3B5C8-DAA1-4191-9240-0B3DA29A2084}"
EndProject
Project("{FAE04EC0-301F-11D3-BF4B-00C04F79EFBC}") = "AuthServer", "AuthServer\AuthServer.csproj", "{F778AE35-6B0E-4CBA-9B94-F56D4402D080}"
EndProject
Global
	GlobalSection(SolutionConfigurationPlatforms) = preSolution
		Debug|Any CPU = Debug|Any CPU
		Release|Any CPU = Release|Any CPU
	EndGlobalSection
	GlobalSection(ProjectConfigurationPlatforms) = postSolution
		{0B150B11-9200-4D8A-8ECE-82A2D13B7C18}.Debug|Any CPU.ActiveCfg = Debug|Any CPU
		{0B150B11-9200-4D8A-8ECE-82A2D13B7C18}.Debug|Any CPU.Build.0 = Debug|Any CPU
		{0B150B11-9200-4D8A-8ECE-82A2D13B7C18}.Release|Any CPU.ActiveCfg = Release|Any CPU
		{0B150B11-9200-4D8A-8ECE-82A2D13B7C18}.Release|Any CPU.Build.0 = Release|Any CPU
		{D2A597F9-22A8-4C16-9523-3698DFFE7497}.Debug|Any CPU.ActiveCfg = Debug|Any CPU
		{D2A597F9-22A8-4C16-9523-3698DFFE7497}.Debug|Any CPU.Build.0 = Debug|Any CPU
		{D2A597F9-22A8-4C16-9523-3698DFFE7497}.Release|Any CPU.ActiveCfg = Release|Any CPU
		{D2A597F9-22A8-4C16-9523-3698DFFE7497}.Release|Any CPU.Build.0 = Release|Any CPU
		{1BFFC037-68F8-4529-A98A-AFCF6ADBF649}.Debug|Any CPU.ActiveCfg = Debug|Any CPU
		{1BFFC037-68F8-4529-A98A-AFCF6ADBF649}.Debug|Any CPU.Build.0 = Debug|Any CPU
		{1BFFC037-68F8-4529-A98A-AFCF6ADBF649}.Release|Any CPU.ActiveCfg = Release|Any CPU
		{1BFFC037-68F8-4529-A98A-AFCF6ADBF649}.Release|Any CPU.Build.0 = Release|Any CPU
		{5BE3B5C8-DAA1-4191-9240-0B3DA29A2084}.Debug|Any CPU.ActiveCfg = Debug|Any CPU
		{5BE3B5C8-DAA1-4191-9240-0B3DA29A2084}.Debug|Any CPU.Build.0 = Debug|Any CPU
		{5BE3B5C8-DAA1-4191-9240-0B3DA29A2084}.Release|Any CPU.ActiveCfg = Release|Any CPU
		{5BE3B5C8-DAA1-4191-9240-0B3DA29A2084}.Release|Any CPU.Build.0 = Release|Any CPU
		{F778AE35-6B0E-4CBA-9B94-F56D4402D080}.Debug|Any CPU.ActiveCfg = Debug|Any CPU
		{F778AE35-6B0E-4CBA-9B94-F56D4402D080}.Debug|Any CPU.Build.0 = Debug|Any CPU
		{F778AE35-6B0E-4CBA-9B94-F56D4402D080}.Release|Any CPU.ActiveCfg = Release|Any CPU
		{F778AE35-6B0E-4CBA-9B94-F56D4402D080}.Release|Any CPU.Build.0 = Release|Any CPU
	EndGlobalSection
	GlobalSection(SolutionProperties) = preSolution
		HideSolutionNode = FALSE
	EndGlobalSection
	GlobalSection(ExtensibilityGlobals) = postSolution
		SolutionGuid = {986B07DB-0E90-4887-8B70-4AC7850AB38C}
	EndGlobalSection
EndGlobal
